
Microsoft Visual Studio Solution File, Format Version 12.00
# Visual Studio 2012
Project("{FAE04EC0-301F-11D3-BF4B-00C04F79EFBC}") = "Citrix.SelfServiceDesktops.DesktopModel", "Citrix.SelfServiceDesktops.DesktopModel\Citrix.SelfServiceDesktops.DesktopModel.csproj", "{6663C520-4BEC-43BC-9534-3E2BFFE1DBEF}"
EndProject
Project("{FAE04EC0-301F-11D3-BF4B-00C04F79EFBC}") = "Citrix.Diagnostics", "Citrix.Diagnostics\Citrix.Diagnostics.csproj", "{95706565-AF6F-4435-AD04-DAC7EC32155B}"
EndProject
Project("{FAE04EC0-301F-11D3-BF4B-00C04F79EFBC}") = "Citrix.SelfServiceDesktops.TestApp", "Citrix.SelfServiceDesktops.TestApp\Citrix.SelfServiceDesktops.TestApp.csproj", "{8D28714A-675E-49FF-BD93-FF5617C7921B}"
EndProject
Project("{FAE04EC0-301F-11D3-BF4B-00C04F79EFBC}") = "Citrix.SelfServiceDesktops.DesktopLibrary", "Citrix.SelfServiceDesktops.DesktopLibrary\Citrix.SelfServiceDesktops.DesktopLibrary.csproj", "{39A3C94C-0A4B-4BE0-92CA-3A590CE28D00}"
EndProject
Project("{FAE04EC0-301F-11D3-BF4B-00C04F79EFBC}") = "Citrix.SelfServiceDesktops.WebApp", "Citrix.SelfServiceDesktops.WebApp\Citrix.SelfServiceDesktops.WebApp.csproj", "{42778926-36D1-48F4-90A5-3E8BC2D3993F}"
EndProject
Project("{FAE04EC0-301F-11D3-BF4B-00C04F79EFBC}") = "Citrix.SelfServiceDesktops.MockDesktopLibrary", "Citrix.SelfServiceDesktops.MockDesktopLibrary\Citrix.SelfServiceDesktops.MockDesktopLibrary.csproj", "{CE1978C0-109B-4468-9C2E-B4F61522BC8E}"
EndProject
Project("{2150E333-8FDC-42A3-9474-1A3956D46DE8}") = ".nuget", ".nuget", "{D48811F8-EF25-4B1D-B542-4F597507D518}"
	ProjectSection(SolutionItems) = preProject
		.nuget\NuGet.Config = .nuget\NuGet.Config
		.nuget\NuGet.exe = .nuget\NuGet.exe
		.nuget\NuGet.targets = .nuget\NuGet.targets
	EndProjectSection
EndProject
Project("{2150E333-8FDC-42A3-9474-1A3956D46DE8}") = "Solution Items", "Solution Items", "{E73961E0-9CC9-414C-8E86-E5B72B1D9C63}"
	ProjectSection(SolutionItems) = preProject
		README.md = README.md
	EndProjectSection
EndProject
Project("{930C7802-8A8C-48F9-8165-68863BCCD9DD}") = "Citrix.SelfServiceDesktops.WebApp.Setup", "Citrix.SelfServiceDesktops.WebApp.Setup\Citrix.SelfServiceDesktops.WebApp.Setup.wixproj", "{5AB5D015-0CCC-4385-9D18-30E93AC74508}"
EndProject
Project("{FAE04EC0-301F-11D3-BF4B-00C04F79EFBC}") = "Citrix.SelfServiceDesktops.Setup.CustomActions", "Citrix.SelfServiceDesktops.Setup.CustomActions\Citrix.SelfServiceDesktops.Setup.CustomActions.csproj", "{46CE1C60-50AF-40A5-A4F8-9449E89080A1}"
EndProject
Project("{FAE04EC0-301F-11D3-BF4B-00C04F79EFBC}") = "Citrix.SelfServiceDesktops.Agent", "Citrix.SelfServiceDesktops.Agent\Citrix.SelfServiceDesktops.Agent.csproj", "{A3718167-9E35-4F99-ACCE-AB6214BB8A46}"
EndProject
Project("{FAE04EC0-301F-11D3-BF4B-00C04F79EFBC}") = "Citrix.SelfServiceDesktops.Agent.Host", "Citrix.SelfServiceDesktops.Agent.Host\Citrix.SelfServiceDesktops.Agent.Host.csproj", "{C63F763C-BE0A-4D2D-B139-4965952085F0}"
EndProject
Project("{930C7802-8A8C-48F9-8165-68863BCCD9DD}") = "Citrix.SelfServiceDesktops.Agent.Setup", "Citrix.SelfServiceDesktops.Agent.Setup\Citrix.SelfServiceDesktops.Agent.Setup.wixproj", "{DF61DD50-CD17-48F7-9800-9370BEDE6F26}"
EndProject
Project("{FAE04EC0-301F-11D3-BF4B-00C04F79EFBC}") = "Citrix.SelfServiceDesktops.Admin.WebApp", "Citrix.SelfServiceDesktops.Admin.WebApp\Citrix.SelfServiceDesktops.Admin.WebApp.csproj", "{84A8A642-DF27-4561-8F38-E289E856D778}"
EndProject
Project("{FAE04EC0-301F-11D3-BF4B-00C04F79EFBC}") = "Citrix.SelfServiceDesktops.Admin", "Citrix.SelfServiceDesktops.Admin\Citrix.SelfServiceDesktops.Admin.csproj", "{3C75C641-3096-47CF-9BCD-291ABCCFC928}"
EndProject
Project("{930C7802-8A8C-48F9-8165-68863BCCD9DD}") = "Citrix.SelfServiceDesktops.Admin.WebApp.Setup", "Citrix.SelfServiceDesktops.Admin.WebApp.Setup\Citrix.SelfServiceDesktops.Admin.WebApp.Setup.wixproj", "{925A0E60-046B-4000-B68B-F3528A615E08}"
EndProject
Global
	GlobalSection(SolutionConfigurationPlatforms) = preSolution
		Debug|Any CPU = Debug|Any CPU
		Debug|Mixed Platforms = Debug|Mixed Platforms
		Debug|x86 = Debug|x86
		Release|Any CPU = Release|Any CPU
		Release|Mixed Platforms = Release|Mixed Platforms
		Release|x86 = Release|x86
	EndGlobalSection
	GlobalSection(ProjectConfigurationPlatforms) = postSolution
		{6663C520-4BEC-43BC-9534-3E2BFFE1DBEF}.Debug|Any CPU.ActiveCfg = Debug|Any CPU
		{6663C520-4BEC-43BC-9534-3E2BFFE1DBEF}.Debug|Any CPU.Build.0 = Debug|Any CPU
		{6663C520-4BEC-43BC-9534-3E2BFFE1DBEF}.Debug|Mixed Platforms.ActiveCfg = Debug|Any CPU
		{6663C520-4BEC-43BC-9534-3E2BFFE1DBEF}.Debug|Mixed Platforms.Build.0 = Debug|Any CPU
		{6663C520-4BEC-43BC-9534-3E2BFFE1DBEF}.Debug|x86.ActiveCfg = Debug|Any CPU
		{6663C520-4BEC-43BC-9534-3E2BFFE1DBEF}.Release|Any CPU.ActiveCfg = Release|Any CPU
		{6663C520-4BEC-43BC-9534-3E2BFFE1DBEF}.Release|Any CPU.Build.0 = Release|Any CPU
		{6663C520-4BEC-43BC-9534-3E2BFFE1DBEF}.Release|Mixed Platforms.ActiveCfg = Release|Any CPU
		{6663C520-4BEC-43BC-9534-3E2BFFE1DBEF}.Release|Mixed Platforms.Build.0 = Release|Any CPU
		{6663C520-4BEC-43BC-9534-3E2BFFE1DBEF}.Release|x86.ActiveCfg = Release|Any CPU
		{95706565-AF6F-4435-AD04-DAC7EC32155B}.Debug|Any CPU.ActiveCfg = Debug|Any CPU
		{95706565-AF6F-4435-AD04-DAC7EC32155B}.Debug|Any CPU.Build.0 = Debug|Any CPU
		{95706565-AF6F-4435-AD04-DAC7EC32155B}.Debug|Mixed Platforms.ActiveCfg = Debug|Any CPU
		{95706565-AF6F-4435-AD04-DAC7EC32155B}.Debug|Mixed Platforms.Build.0 = Debug|Any CPU
		{95706565-AF6F-4435-AD04-DAC7EC32155B}.Debug|x86.ActiveCfg = Debug|Any CPU
		{95706565-AF6F-4435-AD04-DAC7EC32155B}.Release|Any CPU.ActiveCfg = Release|Any CPU
		{95706565-AF6F-4435-AD04-DAC7EC32155B}.Release|Any CPU.Build.0 = Release|Any CPU
		{95706565-AF6F-4435-AD04-DAC7EC32155B}.Release|Mixed Platforms.ActiveCfg = Release|Any CPU
		{95706565-AF6F-4435-AD04-DAC7EC32155B}.Release|Mixed Platforms.Build.0 = Release|Any CPU
		{95706565-AF6F-4435-AD04-DAC7EC32155B}.Release|x86.ActiveCfg = Release|Any CPU
		{8D28714A-675E-49FF-BD93-FF5617C7921B}.Debug|Any CPU.ActiveCfg = Debug|Any CPU
		{8D28714A-675E-49FF-BD93-FF5617C7921B}.Debug|Any CPU.Build.0 = Debug|Any CPU
		{8D28714A-675E-49FF-BD93-FF5617C7921B}.Debug|Mixed Platforms.ActiveCfg = Debug|Any CPU
		{8D28714A-675E-49FF-BD93-FF5617C7921B}.Debug|Mixed Platforms.Build.0 = Debug|Any CPU
		{8D28714A-675E-49FF-BD93-FF5617C7921B}.Debug|x86.ActiveCfg = Debug|Any CPU
		{8D28714A-675E-49FF-BD93-FF5617C7921B}.Release|Any CPU.ActiveCfg = Release|Any CPU
		{8D28714A-675E-49FF-BD93-FF5617C7921B}.Release|Any CPU.Build.0 = Release|Any CPU
		{8D28714A-675E-49FF-BD93-FF5617C7921B}.Release|Mixed Platforms.ActiveCfg = Release|Any CPU
		{8D28714A-675E-49FF-BD93-FF5617C7921B}.Release|Mixed Platforms.Build.0 = Release|Any CPU
		{8D28714A-675E-49FF-BD93-FF5617C7921B}.Release|x86.ActiveCfg = Release|Any CPU
		{39A3C94C-0A4B-4BE0-92CA-3A590CE28D00}.Debug|Any CPU.ActiveCfg = Debug|Any CPU
		{39A3C94C-0A4B-4BE0-92CA-3A590CE28D00}.Debug|Any CPU.Build.0 = Debug|Any CPU
		{39A3C94C-0A4B-4BE0-92CA-3A590CE28D00}.Debug|Mixed Platforms.ActiveCfg = Debug|Any CPU
		{39A3C94C-0A4B-4BE0-92CA-3A590CE28D00}.Debug|Mixed Platforms.Build.0 = Debug|Any CPU
		{39A3C94C-0A4B-4BE0-92CA-3A590CE28D00}.Debug|x86.ActiveCfg = Debug|Any CPU
		{39A3C94C-0A4B-4BE0-92CA-3A590CE28D00}.Release|Any CPU.ActiveCfg = Release|Any CPU
		{39A3C94C-0A4B-4BE0-92CA-3A590CE28D00}.Release|Any CPU.Build.0 = Release|Any CPU
		{39A3C94C-0A4B-4BE0-92CA-3A590CE28D00}.Release|Mixed Platforms.ActiveCfg = Release|Any CPU
		{39A3C94C-0A4B-4BE0-92CA-3A590CE28D00}.Release|Mixed Platforms.Build.0 = Release|Any CPU
		{39A3C94C-0A4B-4BE0-92CA-3A590CE28D00}.Release|x86.ActiveCfg = Release|Any CPU
		{42778926-36D1-48F4-90A5-3E8BC2D3993F}.Debug|Any CPU.ActiveCfg = Debug|Any CPU
		{42778926-36D1-48F4-90A5-3E8BC2D3993F}.Debug|Any CPU.Build.0 = Debug|Any CPU
		{42778926-36D1-48F4-90A5-3E8BC2D3993F}.Debug|Mixed Platforms.ActiveCfg = Debug|Any CPU
		{42778926-36D1-48F4-90A5-3E8BC2D3993F}.Debug|Mixed Platforms.Build.0 = Debug|Any CPU
		{42778926-36D1-48F4-90A5-3E8BC2D3993F}.Debug|x86.ActiveCfg = Debug|Any CPU
		{42778926-36D1-48F4-90A5-3E8BC2D3993F}.Release|Any CPU.ActiveCfg = Release|Any CPU
		{42778926-36D1-48F4-90A5-3E8BC2D3993F}.Release|Any CPU.Build.0 = Release|Any CPU
		{42778926-36D1-48F4-90A5-3E8BC2D3993F}.Release|Mixed Platforms.ActiveCfg = Release|Any CPU
		{42778926-36D1-48F4-90A5-3E8BC2D3993F}.Release|Mixed Platforms.Build.0 = Release|Any CPU
		{42778926-36D1-48F4-90A5-3E8BC2D3993F}.Release|x86.ActiveCfg = Release|Any CPU
		{CE1978C0-109B-4468-9C2E-B4F61522BC8E}.Debug|Any CPU.ActiveCfg = Debug|Any CPU
		{CE1978C0-109B-4468-9C2E-B4F61522BC8E}.Debug|Any CPU.Build.0 = Debug|Any CPU
		{CE1978C0-109B-4468-9C2E-B4F61522BC8E}.Debug|Mixed Platforms.ActiveCfg = Debug|Any CPU
		{CE1978C0-109B-4468-9C2E-B4F61522BC8E}.Debug|Mixed Platforms.Build.0 = Debug|Any CPU
		{CE1978C0-109B-4468-9C2E-B4F61522BC8E}.Debug|x86.ActiveCfg = Debug|Any CPU
		{CE1978C0-109B-4468-9C2E-B4F61522BC8E}.Release|Any CPU.ActiveCfg = Release|Any CPU
		{CE1978C0-109B-4468-9C2E-B4F61522BC8E}.Release|Any CPU.Build.0 = Release|Any CPU
		{CE1978C0-109B-4468-9C2E-B4F61522BC8E}.Release|Mixed Platforms.ActiveCfg = Release|Any CPU
		{CE1978C0-109B-4468-9C2E-B4F61522BC8E}.Release|Mixed Platforms.Build.0 = Release|Any CPU
		{CE1978C0-109B-4468-9C2E-B4F61522BC8E}.Release|x86.ActiveCfg = Release|Any CPU
		{5AB5D015-0CCC-4385-9D18-30E93AC74508}.Debug|Any CPU.ActiveCfg = Debug|x86
		{5AB5D015-0CCC-4385-9D18-30E93AC74508}.Debug|Mixed Platforms.ActiveCfg = Debug|x86
		{5AB5D015-0CCC-4385-9D18-30E93AC74508}.Debug|Mixed Platforms.Build.0 = Debug|x86
		{5AB5D015-0CCC-4385-9D18-30E93AC74508}.Debug|x86.ActiveCfg = Debug|x86
		{5AB5D015-0CCC-4385-9D18-30E93AC74508}.Debug|x86.Build.0 = Debug|x86
		{5AB5D015-0CCC-4385-9D18-30E93AC74508}.Release|Any CPU.ActiveCfg = Release|x86
		{5AB5D015-0CCC-4385-9D18-30E93AC74508}.Release|Mixed Platforms.ActiveCfg = Release|x86
		{5AB5D015-0CCC-4385-9D18-30E93AC74508}.Release|Mixed Platforms.Build.0 = Release|x86
		{5AB5D015-0CCC-4385-9D18-30E93AC74508}.Release|x86.ActiveCfg = Release|x86
		{5AB5D015-0CCC-4385-9D18-30E93AC74508}.Release|x86.Build.0 = Release|x86
		{46CE1C60-50AF-40A5-A4F8-9449E89080A1}.Debug|Any CPU.ActiveCfg = Debug|x86
		{46CE1C60-50AF-40A5-A4F8-9449E89080A1}.Debug|Mixed Platforms.ActiveCfg = Debug|x86
		{46CE1C60-50AF-40A5-A4F8-9449E89080A1}.Debug|Mixed Platforms.Build.0 = Debug|x86
		{46CE1C60-50AF-40A5-A4F8-9449E89080A1}.Debug|x86.ActiveCfg = Debug|x86
		{46CE1C60-50AF-40A5-A4F8-9449E89080A1}.Debug|x86.Build.0 = Debug|x86
		{46CE1C60-50AF-40A5-A4F8-9449E89080A1}.Release|Any CPU.ActiveCfg = Release|x86
		{46CE1C60-50AF-40A5-A4F8-9449E89080A1}.Release|Mixed Platforms.ActiveCfg = Release|x86
		{46CE1C60-50AF-40A5-A4F8-9449E89080A1}.Release|Mixed Platforms.Build.0 = Release|x86
		{46CE1C60-50AF-40A5-A4F8-9449E89080A1}.Release|x86.ActiveCfg = Release|x86
		{46CE1C60-50AF-40A5-A4F8-9449E89080A1}.Release|x86.Build.0 = Release|x86
		{A3718167-9E35-4F99-ACCE-AB6214BB8A46}.Debug|Any CPU.ActiveCfg = Debug|Any CPU
		{A3718167-9E35-4F99-ACCE-AB6214BB8A46}.Debug|Any CPU.Build.0 = Debug|Any CPU
		{A3718167-9E35-4F99-ACCE-AB6214BB8A46}.Debug|Mixed Platforms.ActiveCfg = Debug|Any CPU
		{A3718167-9E35-4F99-ACCE-AB6214BB8A46}.Debug|Mixed Platforms.Build.0 = Debug|Any CPU
		{A3718167-9E35-4F99-ACCE-AB6214BB8A46}.Debug|x86.ActiveCfg = Debug|Any CPU
		{A3718167-9E35-4F99-ACCE-AB6214BB8A46}.Release|Any CPU.ActiveCfg = Release|Any CPU
		{A3718167-9E35-4F99-ACCE-AB6214BB8A46}.Release|Any CPU.Build.0 = Release|Any CPU
		{A3718167-9E35-4F99-ACCE-AB6214BB8A46}.Release|Mixed Platforms.ActiveCfg = Release|Any CPU
		{A3718167-9E35-4F99-ACCE-AB6214BB8A46}.Release|Mixed Platforms.Build.0 = Release|Any CPU
		{A3718167-9E35-4F99-ACCE-AB6214BB8A46}.Release|x86.ActiveCfg = Release|Any CPU
		{C63F763C-BE0A-4D2D-B139-4965952085F0}.Debug|Any CPU.ActiveCfg = Debug|Any CPU
		{C63F763C-BE0A-4D2D-B139-4965952085F0}.Debug|Any CPU.Build.0 = Debug|Any CPU
		{C63F763C-BE0A-4D2D-B139-4965952085F0}.Debug|Mixed Platforms.ActiveCfg = Debug|Any CPU
		{C63F763C-BE0A-4D2D-B139-4965952085F0}.Debug|Mixed Platforms.Build.0 = Debug|Any CPU
		{C63F763C-BE0A-4D2D-B139-4965952085F0}.Debug|x86.ActiveCfg = Debug|Any CPU
		{C63F763C-BE0A-4D2D-B139-4965952085F0}.Release|Any CPU.ActiveCfg = Release|Any CPU
		{C63F763C-BE0A-4D2D-B139-4965952085F0}.Release|Any CPU.Build.0 = Release|Any CPU
		{C63F763C-BE0A-4D2D-B139-4965952085F0}.Release|Mixed Platforms.ActiveCfg = Release|Any CPU
		{C63F763C-BE0A-4D2D-B139-4965952085F0}.Release|Mixed Platforms.Build.0 = Release|Any CPU
		{C63F763C-BE0A-4D2D-B139-4965952085F0}.Release|x86.ActiveCfg = Release|Any CPU
		{DF61DD50-CD17-48F7-9800-9370BEDE6F26}.Debug|Any CPU.ActiveCfg = Debug|x86
		{DF61DD50-CD17-48F7-9800-9370BEDE6F26}.Debug|Mixed Platforms.ActiveCfg = Debug|x86
		{DF61DD50-CD17-48F7-9800-9370BEDE6F26}.Debug|Mixed Platforms.Build.0 = Debug|x86
		{DF61DD50-CD17-48F7-9800-9370BEDE6F26}.Debug|x86.ActiveCfg = Debug|x86
		{DF61DD50-CD17-48F7-9800-9370BEDE6F26}.Debug|x86.Build.0 = Debug|x86
		{DF61DD50-CD17-48F7-9800-9370BEDE6F26}.Release|Any CPU.ActiveCfg = Release|x86
		{DF61DD50-CD17-48F7-9800-9370BEDE6F26}.Release|Mixed Platforms.ActiveCfg = Release|x86
		{DF61DD50-CD17-48F7-9800-9370BEDE6F26}.Release|Mixed Platforms.Build.0 = Release|x86
		{DF61DD50-CD17-48F7-9800-9370BEDE6F26}.Release|x86.ActiveCfg = Release|x86
		{DF61DD50-CD17-48F7-9800-9370BEDE6F26}.Release|x86.Build.0 = Release|x86
		{84A8A642-DF27-4561-8F38-E289E856D778}.Debug|Any CPU.ActiveCfg = Debug|Any CPU
		{84A8A642-DF27-4561-8F38-E289E856D778}.Debug|Any CPU.Build.0 = Debug|Any CPU
		{84A8A642-DF27-4561-8F38-E289E856D778}.Debug|Mixed Platforms.ActiveCfg = Debug|Any CPU
		{84A8A642-DF27-4561-8F38-E289E856D778}.Debug|Mixed Platforms.Build.0 = Debug|Any CPU
		{84A8A642-DF27-4561-8F38-E289E856D778}.Debug|x86.ActiveCfg = Debug|Any CPU
		{84A8A642-DF27-4561-8F38-E289E856D778}.Release|Any CPU.ActiveCfg = Release|Any CPU
		{84A8A642-DF27-4561-8F38-E289E856D778}.Release|Any CPU.Build.0 = Release|Any CPU
		{84A8A642-DF27-4561-8F38-E289E856D778}.Release|Mixed Platforms.ActiveCfg = Release|Any CPU
		{84A8A642-DF27-4561-8F38-E289E856D778}.Release|Mixed Platforms.Build.0 = Release|Any CPU
		{84A8A642-DF27-4561-8F38-E289E856D778}.Release|x86.ActiveCfg = Release|Any CPU
		{3C75C641-3096-47CF-9BCD-291ABCCFC928}.Debug|Any CPU.ActiveCfg = Debug|Any CPU
		{3C75C641-3096-47CF-9BCD-291ABCCFC928}.Debug|Any CPU.Build.0 = Debug|Any CPU
		{3C75C641-3096-47CF-9BCD-291ABCCFC928}.Debug|Mixed Platforms.ActiveCfg = Debug|Any CPU
		{3C75C641-3096-47CF-9BCD-291ABCCFC928}.Debug|Mixed Platforms.Build.0 = Debug|Any CPU
		{3C75C641-3096-47CF-9BCD-291ABCCFC928}.Debug|x86.ActiveCfg = Debug|Any CPU
		{3C75C641-3096-47CF-9BCD-291ABCCFC928}.Release|Any CPU.ActiveCfg = Release|Any CPU
		{3C75C641-3096-47CF-9BCD-291ABCCFC928}.Release|Any CPU.Build.0 = Release|Any CPU
		{3C75C641-3096-47CF-9BCD-291ABCCFC928}.Release|Mixed Platforms.ActiveCfg = Release|Any CPU
		{3C75C641-3096-47CF-9BCD-291ABCCFC928}.Release|Mixed Platforms.Build.0 = Release|Any CPU
		{3C75C641-3096-47CF-9BCD-291ABCCFC928}.Release|x86.ActiveCfg = Release|Any CPU
		{925A0E60-046B-4000-B68B-F3528A615E08}.Debug|Any CPU.ActiveCfg = Debug|x86
		{925A0E60-046B-4000-B68B-F3528A615E08}.Debug|Mixed Platforms.ActiveCfg = Debug|x86
		{925A0E60-046B-4000-B68B-F3528A615E08}.Debug|Mixed Platforms.Build.0 = Debug|x86
		{925A0E60-046B-4000-B68B-F3528A615E08}.Debug|x86.ActiveCfg = Debug|x86
		{925A0E60-046B-4000-B68B-F3528A615E08}.Debug|x86.Build.0 = Debug|x86
		{925A0E60-046B-4000-B68B-F3528A615E08}.Release|Any CPU.ActiveCfg = Release|x86
		{925A0E60-046B-4000-B68B-F3528A615E08}.Release|Mixed Platforms.ActiveCfg = Release|x86
		{925A0E60-046B-4000-B68B-F3528A615E08}.Release|Mixed Platforms.Build.0 = Release|x86
		{925A0E60-046B-4000-B68B-F3528A615E08}.Release|x86.ActiveCfg = Release|x86
		{925A0E60-046B-4000-B68B-F3528A615E08}.Release|x86.Build.0 = Release|x86
	EndGlobalSection
	GlobalSection(SolutionProperties) = preSolution
		HideSolutionNode = FALSE
	EndGlobalSection
EndGlobal
