
Microsoft Visual Studio Solution File, Format Version 12.00
# Visual Studio 2012
Project("{FAE04EC0-301F-11D3-BF4B-00C04F79EFBC}") = "Citrix.SelfServiceDesktops.DesktopModel", "Citrix.SelfServiceDesktops.DesktopModel\Citrix.SelfServiceDesktops.DesktopModel.csproj", "{6663C520-4BEC-43BC-9534-3E2BFFE1DBEF}"
EndProject
Project("{FAE04EC0-301F-11D3-BF4B-00C04F79EFBC}") = "Citrix.Diagnostics", "Citrix.Diagnostics\Citrix.Diagnostics.csproj", "{95706565-AF6F-4435-AD04-DAC7EC32155B}"
EndProject
Project("{FAE04EC0-301F-11D3-BF4B-00C04F79EFBC}") = "Citrix.SelfServiceDesktops.TestApp", "Citrix.SelfServiceDesktops.TestApp\Citrix.SelfServiceDesktops.TestApp.csproj", "{8D28714A-675E-49FF-BD93-FF5617C7921B}"
EndProject
Project("{FAE04EC0-301F-11D3-BF4B-00C04F79EFBC}") = "Citrix.SelfServiceDesktops.DesktopLibrary", "Citrix.SelfServiceDesktops.DesktopLibrary\Citrix.SelfServiceDesktops.DesktopLibrary.csproj", "{39A3C94C-0A4B-4BE0-92CA-3A590CE28D00}"
EndProject
Project("{FAE04EC0-301F-11D3-BF4B-00C04F79EFBC}") = "Citrix.SelfServiceDesktops.WebApp", "Citrix.SelfServiceDesktops.WebApp\Citrix.SelfServiceDesktops.WebApp.csproj", "{42778926-36D1-48F4-90A5-3E8BC2D3993F}"
EndProject
Project("{FAE04EC0-301F-11D3-BF4B-00C04F79EFBC}") = "Citrix.SelfServiceDesktops.MockDesktopLibrary", "Citrix.SelfServiceDesktops.MockDesktopLibrary\Citrix.SelfServiceDesktops.MockDesktopLibrary.csproj", "{CE1978C0-109B-4468-9C2E-B4F61522BC8E}"
EndProject
Global
	GlobalSection(SolutionConfigurationPlatforms) = preSolution
		Debug|Any CPU = Debug|Any CPU
		Debug|Mixed Platforms = Debug|Mixed Platforms
		Debug|x86 = Debug|x86
		Release|Any CPU = Release|Any CPU
		Release|Mixed Platforms = Release|Mixed Platforms
		Release|x86 = Release|x86
	EndGlobalSection
	GlobalSection(ProjectConfigurationPlatforms) = postSolution
		{6663C520-4BEC-43BC-9534-3E2BFFE1DBEF}.Debug|Any CPU.ActiveCfg = Debug|Any CPU
		{6663C520-4BEC-43BC-9534-3E2BFFE1DBEF}.Debug|Any CPU.Build.0 = Debug|Any CPU
		{6663C520-4BEC-43BC-9534-3E2BFFE1DBEF}.Debug|Mixed Platforms.ActiveCfg = Debug|Any CPU
		{6663C520-4BEC-43BC-9534-3E2BFFE1DBEF}.Debug|Mixed Platforms.Build.0 = Debug|Any CPU
		{6663C520-4BEC-43BC-9534-3E2BFFE1DBEF}.Debug|x86.ActiveCfg = Debug|Any CPU
		{6663C520-4BEC-43BC-9534-3E2BFFE1DBEF}.Release|Any CPU.ActiveCfg = Release|Any CPU
		{6663C520-4BEC-43BC-9534-3E2BFFE1DBEF}.Release|Any CPU.Build.0 = Release|Any CPU
		{6663C520-4BEC-43BC-9534-3E2BFFE1DBEF}.Release|Mixed Platforms.ActiveCfg = Release|Any CPU
		{6663C520-4BEC-43BC-9534-3E2BFFE1DBEF}.Release|Mixed Platforms.Build.0 = Release|Any CPU
		{6663C520-4BEC-43BC-9534-3E2BFFE1DBEF}.Release|x86.ActiveCfg = Release|Any CPU
		{95706565-AF6F-4435-AD04-DAC7EC32155B}.Debug|Any CPU.ActiveCfg = Debug|Any CPU
		{95706565-AF6F-4435-AD04-DAC7EC32155B}.Debug|Any CPU.Build.0 = Debug|Any CPU
		{95706565-AF6F-4435-AD04-DAC7EC32155B}.Debug|Mixed Platforms.ActiveCfg = Debug|Any CPU
		{95706565-AF6F-4435-AD04-DAC7EC32155B}.Debug|Mixed Platforms.Build.0 = Debug|Any CPU
		{95706565-AF6F-4435-AD04-DAC7EC32155B}.Debug|x86.ActiveCfg = Debug|Any CPU
		{95706565-AF6F-4435-AD04-DAC7EC32155B}.Release|Any CPU.ActiveCfg = Release|Any CPU
		{95706565-AF6F-4435-AD04-DAC7EC32155B}.Release|Any CPU.Build.0 = Release|Any CPU
		{95706565-AF6F-4435-AD04-DAC7EC32155B}.Release|Mixed Platforms.ActiveCfg = Release|Any CPU
		{95706565-AF6F-4435-AD04-DAC7EC32155B}.Release|Mixed Platforms.Build.0 = Release|Any CPU
		{95706565-AF6F-4435-AD04-DAC7EC32155B}.Release|x86.ActiveCfg = Release|Any CPU
		{8D28714A-675E-49FF-BD93-FF5617C7921B}.Debug|Any CPU.ActiveCfg = Debug|Any CPU
		{8D28714A-675E-49FF-BD93-FF5617C7921B}.Debug|Any CPU.Build.0 = Debug|Any CPU
		{8D28714A-675E-49FF-BD93-FF5617C7921B}.Debug|Mixed Platforms.ActiveCfg = Debug|Any CPU
		{8D28714A-675E-49FF-BD93-FF5617C7921B}.Debug|Mixed Platforms.Build.0 = Debug|Any CPU
		{8D28714A-675E-49FF-BD93-FF5617C7921B}.Debug|x86.ActiveCfg = Debug|Any CPU
		{8D28714A-675E-49FF-BD93-FF5617C7921B}.Release|Any CPU.ActiveCfg = Release|Any CPU
		{8D28714A-675E-49FF-BD93-FF5617C7921B}.Release|Any CPU.Build.0 = Release|Any CPU
		{8D28714A-675E-49FF-BD93-FF5617C7921B}.Release|Mixed Platforms.ActiveCfg = Release|Any CPU
		{8D28714A-675E-49FF-BD93-FF5617C7921B}.Release|Mixed Platforms.Build.0 = Release|Any CPU
		{8D28714A-675E-49FF-BD93-FF5617C7921B}.Release|x86.ActiveCfg = Release|Any CPU
		{39A3C94C-0A4B-4BE0-92CA-3A590CE28D00}.Debug|Any CPU.ActiveCfg = Debug|Any CPU
		{39A3C94C-0A4B-4BE0-92CA-3A590CE28D00}.Debug|Any CPU.Build.0 = Debug|Any CPU
		{39A3C94C-0A4B-4BE0-92CA-3A590CE28D00}.Debug|Mixed Platforms.ActiveCfg = Debug|Any CPU
		{39A3C94C-0A4B-4BE0-92CA-3A590CE28D00}.Debug|Mixed Platforms.Build.0 = Debug|Any CPU
		{39A3C94C-0A4B-4BE0-92CA-3A590CE28D00}.Debug|x86.ActiveCfg = Debug|Any CPU
		{39A3C94C-0A4B-4BE0-92CA-3A590CE28D00}.Release|Any CPU.ActiveCfg = Release|Any CPU
		{39A3C94C-0A4B-4BE0-92CA-3A590CE28D00}.Release|Any CPU.Build.0 = Release|Any CPU
		{39A3C94C-0A4B-4BE0-92CA-3A590CE28D00}.Release|Mixed Platforms.ActiveCfg = Release|Any CPU
		{39A3C94C-0A4B-4BE0-92CA-3A590CE28D00}.Release|Mixed Platforms.Build.0 = Release|Any CPU
		{39A3C94C-0A4B-4BE0-92CA-3A590CE28D00}.Release|x86.ActiveCfg = Release|Any CPU
		{42778926-36D1-48F4-90A5-3E8BC2D3993F}.Debug|Any CPU.ActiveCfg = Debug|Any CPU
		{42778926-36D1-48F4-90A5-3E8BC2D3993F}.Debug|Any CPU.Build.0 = Debug|Any CPU
		{42778926-36D1-48F4-90A5-3E8BC2D3993F}.Debug|Mixed Platforms.ActiveCfg = Debug|Any CPU
		{42778926-36D1-48F4-90A5-3E8BC2D3993F}.Debug|Mixed Platforms.Build.0 = Debug|Any CPU
		{42778926-36D1-48F4-90A5-3E8BC2D3993F}.Debug|x86.ActiveCfg = Debug|Any CPU
		{42778926-36D1-48F4-90A5-3E8BC2D3993F}.Release|Any CPU.ActiveCfg = Release|Any CPU
		{42778926-36D1-48F4-90A5-3E8BC2D3993F}.Release|Any CPU.Build.0 = Release|Any CPU
		{42778926-36D1-48F4-90A5-3E8BC2D3993F}.Release|Mixed Platforms.ActiveCfg = Release|Any CPU
		{42778926-36D1-48F4-90A5-3E8BC2D3993F}.Release|Mixed Platforms.Build.0 = Release|Any CPU
		{42778926-36D1-48F4-90A5-3E8BC2D3993F}.Release|x86.ActiveCfg = Release|Any CPU
		{CE1978C0-109B-4468-9C2E-B4F61522BC8E}.Debug|Any CPU.ActiveCfg = Debug|Any CPU
		{CE1978C0-109B-4468-9C2E-B4F61522BC8E}.Debug|Any CPU.Build.0 = Debug|Any CPU
		{CE1978C0-109B-4468-9C2E-B4F61522BC8E}.Debug|Mixed Platforms.ActiveCfg = Debug|Any CPU
		{CE1978C0-109B-4468-9C2E-B4F61522BC8E}.Debug|Mixed Platforms.Build.0 = Debug|Any CPU
		{CE1978C0-109B-4468-9C2E-B4F61522BC8E}.Debug|x86.ActiveCfg = Debug|Any CPU
		{CE1978C0-109B-4468-9C2E-B4F61522BC8E}.Release|Any CPU.ActiveCfg = Release|Any CPU
		{CE1978C0-109B-4468-9C2E-B4F61522BC8E}.Release|Any CPU.Build.0 = Release|Any CPU
		{CE1978C0-109B-4468-9C2E-B4F61522BC8E}.Release|Mixed Platforms.ActiveCfg = Release|Any CPU
		{CE1978C0-109B-4468-9C2E-B4F61522BC8E}.Release|Mixed Platforms.Build.0 = Release|Any CPU
		{CE1978C0-109B-4468-9C2E-B4F61522BC8E}.Release|x86.ActiveCfg = Release|Any CPU
	EndGlobalSection
	GlobalSection(SolutionProperties) = preSolution
		HideSolutionNode = FALSE
	EndGlobalSection
EndGlobal
